
Microsoft Visual Studio Solution File, Format Version 12.00
# Visual Studio 15
VisualStudioVersion = 15.0.26403.0
MinimumVisualStudioVersion = 10.0.40219.1
Project("{FAE04EC0-301F-11D3-BF4B-00C04F79EFBC}") = "pyro-addin", "pyro-addin\pyro-addin.csproj", "{275FE5EE-65E9-4669-BC7E-662DCAAAC34B}"
EndProject
Global
	GlobalSection(SolutionConfigurationPlatforms) = preSolution
		Debug|Any CPU = Debug|Any CPU
		Office2010|Any CPU = Office2010|Any CPU
		Release|Any CPU = Release|Any CPU
	EndGlobalSection
	GlobalSection(ProjectConfigurationPlatforms) = postSolution
		{275FE5EE-65E9-4669-BC7E-662DCAAAC34B}.Debug|Any CPU.ActiveCfg = Debug|Any CPU
		{275FE5EE-65E9-4669-BC7E-662DCAAAC34B}.Debug|Any CPU.Build.0 = Debug|Any CPU
		{275FE5EE-65E9-4669-BC7E-662DCAAAC34B}.Office2010|Any CPU.ActiveCfg = Office2010|Any CPU
		{275FE5EE-65E9-4669-BC7E-662DCAAAC34B}.Office2010|Any CPU.Build.0 = Office2010|Any CPU
		{275FE5EE-65E9-4669-BC7E-662DCAAAC34B}.Release|Any CPU.ActiveCfg = Release|Any CPU
		{275FE5EE-65E9-4669-BC7E-662DCAAAC34B}.Release|Any CPU.Build.0 = Release|Any CPU
	EndGlobalSection
	GlobalSection(SolutionProperties) = preSolution
		HideSolutionNode = FALSE
	EndGlobalSection
EndGlobal
